// !$*UTF8*$!
{
	archiveVersion = 1;
	classes = {
	};
	objectVersion = 55;
	objects = {

/* Begin PBXBuildFile section */
		A5598279280971E60018EB9E /* NoticeBoardDetailViewController.swift in Sources */ = {isa = PBXBuildFile; fileRef = A5598278280971E60018EB9E /* NoticeBoardDetailViewController.swift */; };
		A559827C28097F240018EB9E /* Kingfisher in Frameworks */ = {isa = PBXBuildFile; productRef = A559827B28097F240018EB9E /* Kingfisher */; };
		A56B03CB2806B1E80072A9E6 /* SnapKit in Frameworks */ = {isa = PBXBuildFile; productRef = A56B03CA2806B1E80072A9E6 /* SnapKit */; };
		A56B03D42807288D0072A9E6 /* NoticeBoardViewController.swift in Sources */ = {isa = PBXBuildFile; fileRef = A56B03D32807288D0072A9E6 /* NoticeBoardViewController.swift */; };
		A56B03D628072A930072A9E6 /* TabBarController.swift in Sources */ = {isa = PBXBuildFile; fileRef = A56B03D528072A930072A9E6 /* TabBarController.swift */; };
		A56B03D828072C070072A9E6 /* SearchViewController.swift in Sources */ = {isa = PBXBuildFile; fileRef = A56B03D728072C070072A9E6 /* SearchViewController.swift */; };
		A56B03DA28072C440072A9E6 /* NewPostViewController.swift in Sources */ = {isa = PBXBuildFile; fileRef = A56B03D928072C440072A9E6 /* NewPostViewController.swift */; };
		A56B03DC28072C650072A9E6 /* AlarmViewController.swift in Sources */ = {isa = PBXBuildFile; fileRef = A56B03DB28072C650072A9E6 /* AlarmViewController.swift */; };
		A56B03DE28072C800072A9E6 /* MyPageViewController.swift in Sources */ = {isa = PBXBuildFile; fileRef = A56B03DD28072C800072A9E6 /* MyPageViewController.swift */; };
		A56B03E5280737A40072A9E6 /* Post.swift in Sources */ = {isa = PBXBuildFile; fileRef = A56B03E4280737A40072A9E6 /* Post.swift */; };
		A56B03E728073A7D0072A9E6 /* NoticeBoardViewCell.swift in Sources */ = {isa = PBXBuildFile; fileRef = A56B03E628073A7D0072A9E6 /* NoticeBoardViewCell.swift */; };
		A594A14C28116C6200C00CC5 /* CommentCollectionHeaderView.swift in Sources */ = {isa = PBXBuildFile; fileRef = A594A14B28116C6100C00CC5 /* CommentCollectionHeaderView.swift */; };
		A5B35F482810778900ACD283 /* CommentCollectionViewCell.swift in Sources */ = {isa = PBXBuildFile; fileRef = A5B35F472810778900ACD283 /* CommentCollectionViewCell.swift */; };
		A5B35F4A281077D400ACD283 /* Comment.swift in Sources */ = {isa = PBXBuildFile; fileRef = A5B35F49281077D400ACD283 /* Comment.swift */; };
		A5F820352804246300BC249C /* AppDelegate.swift in Sources */ = {isa = PBXBuildFile; fileRef = A5F820342804246300BC249C /* AppDelegate.swift */; };
		A5F820372804246300BC249C /* SceneDelegate.swift in Sources */ = {isa = PBXBuildFile; fileRef = A5F820362804246300BC249C /* SceneDelegate.swift */; };
		A5F8203E2804246600BC249C /* Assets.xcassets in Resources */ = {isa = PBXBuildFile; fileRef = A5F8203D2804246600BC249C /* Assets.xcassets */; };
		A5F820412804246600BC249C /* LaunchScreen.storyboard in Resources */ = {isa = PBXBuildFile; fileRef = A5F8203F2804246600BC249C /* LaunchScreen.storyboard */; };
/* End PBXBuildFile section */

/* Begin PBXFileReference section */
		A5598278280971E60018EB9E /* NoticeBoardDetailViewController.swift */ = {isa = PBXFileReference; lastKnownFileType = sourcecode.swift; path = NoticeBoardDetailViewController.swift; sourceTree = "<group>"; };
		A56B03D32807288D0072A9E6 /* NoticeBoardViewController.swift */ = {isa = PBXFileReference; lastKnownFileType = sourcecode.swift; path = NoticeBoardViewController.swift; sourceTree = "<group>"; };
		A56B03D528072A930072A9E6 /* TabBarController.swift */ = {isa = PBXFileReference; lastKnownFileType = sourcecode.swift; path = TabBarController.swift; sourceTree = "<group>"; };
		A56B03D728072C070072A9E6 /* SearchViewController.swift */ = {isa = PBXFileReference; lastKnownFileType = sourcecode.swift; path = SearchViewController.swift; sourceTree = "<group>"; };
		A56B03D928072C440072A9E6 /* NewPostViewController.swift */ = {isa = PBXFileReference; lastKnownFileType = sourcecode.swift; path = NewPostViewController.swift; sourceTree = "<group>"; };
		A56B03DB28072C650072A9E6 /* AlarmViewController.swift */ = {isa = PBXFileReference; lastKnownFileType = sourcecode.swift; path = AlarmViewController.swift; sourceTree = "<group>"; };
		A56B03DD28072C800072A9E6 /* MyPageViewController.swift */ = {isa = PBXFileReference; lastKnownFileType = sourcecode.swift; path = MyPageViewController.swift; sourceTree = "<group>"; };
		A56B03E4280737A40072A9E6 /* Post.swift */ = {isa = PBXFileReference; lastKnownFileType = sourcecode.swift; path = Post.swift; sourceTree = "<group>"; };
		A56B03E628073A7D0072A9E6 /* NoticeBoardViewCell.swift */ = {isa = PBXFileReference; lastKnownFileType = sourcecode.swift; path = NoticeBoardViewCell.swift; sourceTree = "<group>"; };
		A594A14B28116C6100C00CC5 /* CommentCollectionHeaderView.swift */ = {isa = PBXFileReference; lastKnownFileType = sourcecode.swift; path = CommentCollectionHeaderView.swift; sourceTree = "<group>"; };
		A5B35F472810778900ACD283 /* CommentCollectionViewCell.swift */ = {isa = PBXFileReference; lastKnownFileType = sourcecode.swift; path = CommentCollectionViewCell.swift; sourceTree = "<group>"; };
		A5B35F49281077D400ACD283 /* Comment.swift */ = {isa = PBXFileReference; lastKnownFileType = sourcecode.swift; path = Comment.swift; sourceTree = "<group>"; };
		A5F820312804246300BC249C /* IOS-SpringBoot-MyNoticeBoard_App.app */ = {isa = PBXFileReference; explicitFileType = wrapper.application; includeInIndex = 0; path = "IOS-SpringBoot-MyNoticeBoard_App.app"; sourceTree = BUILT_PRODUCTS_DIR; };
		A5F820342804246300BC249C /* AppDelegate.swift */ = {isa = PBXFileReference; lastKnownFileType = sourcecode.swift; path = AppDelegate.swift; sourceTree = "<group>"; };
		A5F820362804246300BC249C /* SceneDelegate.swift */ = {isa = PBXFileReference; lastKnownFileType = sourcecode.swift; path = SceneDelegate.swift; sourceTree = "<group>"; };
		A5F8203D2804246600BC249C /* Assets.xcassets */ = {isa = PBXFileReference; lastKnownFileType = folder.assetcatalog; path = Assets.xcassets; sourceTree = "<group>"; };
		A5F820402804246600BC249C /* Base */ = {isa = PBXFileReference; lastKnownFileType = file.storyboard; name = Base; path = Base.lproj/LaunchScreen.storyboard; sourceTree = "<group>"; };
		A5F820422804246600BC249C /* Info.plist */ = {isa = PBXFileReference; lastKnownFileType = text.plist.xml; path = Info.plist; sourceTree = "<group>"; };
/* End PBXFileReference section */

/* Begin PBXFrameworksBuildPhase section */
		A5F8202E2804246300BC249C /* Frameworks */ = {
			isa = PBXFrameworksBuildPhase;
			buildActionMask = 2147483647;
			files = (
				A559827C28097F240018EB9E /* Kingfisher in Frameworks */,
				A56B03CB2806B1E80072A9E6 /* SnapKit in Frameworks */,
			);
			runOnlyForDeploymentPostprocessing = 0;
		};
/* End PBXFrameworksBuildPhase section */

/* Begin PBXGroup section */
		A56B03D2280728210072A9E6 /* Scenes */ = {
			isa = PBXGroup;
			children = (
				A56B03DF28072C850072A9E6 /* NoticeBoard */,
				A56B03E028072CC50072A9E6 /* Search */,
				A56B03E128072CD10072A9E6 /* NewPost */,
				A56B03E228072CD80072A9E6 /* Alarm */,
				A56B03E328072CDE0072A9E6 /* MyPage */,
			);
			path = Scenes;
			sourceTree = "<group>";
		};
		A56B03DF28072C850072A9E6 /* NoticeBoard */ = {
			isa = PBXGroup;
			children = (
				A56B03D32807288D0072A9E6 /* NoticeBoardViewController.swift */,
				A56B03E628073A7D0072A9E6 /* NoticeBoardViewCell.swift */,
				A5598278280971E60018EB9E /* NoticeBoardDetailViewController.swift */,
				A5B35F472810778900ACD283 /* CommentCollectionViewCell.swift */,
				A594A14B28116C6100C00CC5 /* CommentCollectionHeaderView.swift */,
			);
			path = NoticeBoard;
			sourceTree = "<group>";
		};
		A56B03E028072CC50072A9E6 /* Search */ = {
			isa = PBXGroup;
			children = (
				A56B03D728072C070072A9E6 /* SearchViewController.swift */,
			);
			path = Search;
			sourceTree = "<group>";
		};
		A56B03E128072CD10072A9E6 /* NewPost */ = {
			isa = PBXGroup;
			children = (
				A56B03D928072C440072A9E6 /* NewPostViewController.swift */,
			);
			path = NewPost;
			sourceTree = "<group>";
		};
		A56B03E228072CD80072A9E6 /* Alarm */ = {
			isa = PBXGroup;
			children = (
				A56B03DB28072C650072A9E6 /* AlarmViewController.swift */,
			);
			path = Alarm;
			sourceTree = "<group>";
		};
		A56B03E328072CDE0072A9E6 /* MyPage */ = {
			isa = PBXGroup;
			children = (
				A56B03DD28072C800072A9E6 /* MyPageViewController.swift */,
			);
			path = MyPage;
			sourceTree = "<group>";
		};
		A5F820282804246300BC249C = {
			isa = PBXGroup;
			children = (
				A5F820332804246300BC249C /* IOS-SpringBoot-MyNoticeBoard_App */,
				A5F820322804246300BC249C /* Products */,
			);
			sourceTree = "<group>";
		};
		A5F820322804246300BC249C /* Products */ = {
			isa = PBXGroup;
			children = (
				A5F820312804246300BC249C /* IOS-SpringBoot-MyNoticeBoard_App.app */,
			);
			name = Products;
			sourceTree = "<group>";
		};
		A5F820332804246300BC249C /* IOS-SpringBoot-MyNoticeBoard_App */ = {
			isa = PBXGroup;
			children = (
				A5F820342804246300BC249C /* AppDelegate.swift */,
				A5F820362804246300BC249C /* SceneDelegate.swift */,
				A5F8203D2804246600BC249C /* Assets.xcassets */,
				A5F8203F2804246600BC249C /* LaunchScreen.storyboard */,
				A5F820422804246600BC249C /* Info.plist */,
				A56B03D2280728210072A9E6 /* Scenes */,
				A56B03D528072A930072A9E6 /* TabBarController.swift */,
				A56B03E4280737A40072A9E6 /* Post.swift */,
				A5B35F49281077D400ACD283 /* Comment.swift */,
			);
			path = "IOS-SpringBoot-MyNoticeBoard_App";
			sourceTree = "<group>";
		};
/* End PBXGroup section */

/* Begin PBXNativeTarget section */
		A5F820302804246300BC249C /* IOS-SpringBoot-MyNoticeBoard_App */ = {
			isa = PBXNativeTarget;
			buildConfigurationList = A5F820452804246600BC249C /* Build configuration list for PBXNativeTarget "IOS-SpringBoot-MyNoticeBoard_App" */;
			buildPhases = (
				A5F8202D2804246300BC249C /* Sources */,
				A5F8202E2804246300BC249C /* Frameworks */,
				A5F8202F2804246300BC249C /* Resources */,
			);
			buildRules = (
			);
			dependencies = (
			);
			name = "IOS-SpringBoot-MyNoticeBoard_App";
			packageProductDependencies = (
				A56B03CA2806B1E80072A9E6 /* SnapKit */,
				A559827B28097F240018EB9E /* Kingfisher */,
			);
			productName = "IOS-SpringBoot-MyNoticeBoard_App";
			productReference = A5F820312804246300BC249C /* IOS-SpringBoot-MyNoticeBoard_App.app */;
			productType = "com.apple.product-type.application";
		};
/* End PBXNativeTarget section */

/* Begin PBXProject section */
		A5F820292804246300BC249C /* Project object */ = {
			isa = PBXProject;
			attributes = {
				BuildIndependentTargetsInParallel = 1;
				LastSwiftUpdateCheck = 1330;
				LastUpgradeCheck = 1330;
				TargetAttributes = {
					A5F820302804246300BC249C = {
						CreatedOnToolsVersion = 13.3;
					};
				};
			};
			buildConfigurationList = A5F8202C2804246300BC249C /* Build configuration list for PBXProject "IOS-SpringBoot-MyNoticeBoard_App" */;
			compatibilityVersion = "Xcode 13.0";
			developmentRegion = en;
			hasScannedForEncodings = 0;
			knownRegions = (
				en,
				Base,
			);
			mainGroup = A5F820282804246300BC249C;
			packageReferences = (
				A56B03C92806B1E80072A9E6 /* XCRemoteSwiftPackageReference "SnapKit" */,
				A559827A28097F240018EB9E /* XCRemoteSwiftPackageReference "Kingfisher" */,
			);
			productRefGroup = A5F820322804246300BC249C /* Products */;
			projectDirPath = "";
			projectRoot = "";
			targets = (
				A5F820302804246300BC249C /* IOS-SpringBoot-MyNoticeBoard_App */,
			);
		};
/* End PBXProject section */

/* Begin PBXResourcesBuildPhase section */
		A5F8202F2804246300BC249C /* Resources */ = {
			isa = PBXResourcesBuildPhase;
			buildActionMask = 2147483647;
			files = (
				A5F820412804246600BC249C /* LaunchScreen.storyboard in Resources */,
				A5F8203E2804246600BC249C /* Assets.xcassets in Resources */,
			);
			runOnlyForDeploymentPostprocessing = 0;
		};
/* End PBXResourcesBuildPhase section */

/* Begin PBXSourcesBuildPhase section */
		A5F8202D2804246300BC249C /* Sources */ = {
			isa = PBXSourcesBuildPhase;
			buildActionMask = 2147483647;
			files = (
				A56B03DC28072C650072A9E6 /* AlarmViewController.swift in Sources */,
				A594A14C28116C6200C00CC5 /* CommentCollectionHeaderView.swift in Sources */,
				A56B03DE28072C800072A9E6 /* MyPageViewController.swift in Sources */,
				A56B03D828072C070072A9E6 /* SearchViewController.swift in Sources */,
				A56B03D42807288D0072A9E6 /* NoticeBoardViewController.swift in Sources */,
				A5B35F482810778900ACD283 /* CommentCollectionViewCell.swift in Sources */,
				A56B03DA28072C440072A9E6 /* NewPostViewController.swift in Sources */,
				A5F820352804246300BC249C /* AppDelegate.swift in Sources */,
				A56B03E5280737A40072A9E6 /* Post.swift in Sources */,
				A5B35F4A281077D400ACD283 /* Comment.swift in Sources */,
				A56B03E728073A7D0072A9E6 /* NoticeBoardViewCell.swift in Sources */,
				A56B03D628072A930072A9E6 /* TabBarController.swift in Sources */,
				A5F820372804246300BC249C /* SceneDelegate.swift in Sources */,
				A5598279280971E60018EB9E /* NoticeBoardDetailViewController.swift in Sources */,
			);
			runOnlyForDeploymentPostprocessing = 0;
		};
/* End PBXSourcesBuildPhase section */

/* Begin PBXVariantGroup section */
		A5F8203F2804246600BC249C /* LaunchScreen.storyboard */ = {
			isa = PBXVariantGroup;
			children = (
				A5F820402804246600BC249C /* Base */,
			);
			name = LaunchScreen.storyboard;
			sourceTree = "<group>";
		};
/* End PBXVariantGroup section */

/* Begin XCBuildConfiguration section */
		A5F820432804246600BC249C /* Debug */ = {
			isa = XCBuildConfiguration;
			buildSettings = {
				ALWAYS_SEARCH_USER_PATHS = NO;
				CLANG_ANALYZER_NONNULL = YES;
				CLANG_ANALYZER_NUMBER_OBJECT_CONVERSION = YES_AGGRESSIVE;
				CLANG_CXX_LANGUAGE_STANDARD = "gnu++17";
				CLANG_ENABLE_MODULES = YES;
				CLANG_ENABLE_OBJC_ARC = YES;
				CLANG_ENABLE_OBJC_WEAK = YES;
				CLANG_WARN_BLOCK_CAPTURE_AUTORELEASING = YES;
				CLANG_WARN_BOOL_CONVERSION = YES;
				CLANG_WARN_COMMA = YES;
				CLANG_WARN_CONSTANT_CONVERSION = YES;
				CLANG_WARN_DEPRECATED_OBJC_IMPLEMENTATIONS = YES;
				CLANG_WARN_DIRECT_OBJC_ISA_USAGE = YES_ERROR;
				CLANG_WARN_DOCUMENTATION_COMMENTS = YES;
				CLANG_WARN_EMPTY_BODY = YES;
				CLANG_WARN_ENUM_CONVERSION = YES;
				CLANG_WARN_INFINITE_RECURSION = YES;
				CLANG_WARN_INT_CONVERSION = YES;
				CLANG_WARN_NON_LITERAL_NULL_CONVERSION = YES;
				CLANG_WARN_OBJC_IMPLICIT_RETAIN_SELF = YES;
				CLANG_WARN_OBJC_LITERAL_CONVERSION = YES;
				CLANG_WARN_OBJC_ROOT_CLASS = YES_ERROR;
				CLANG_WARN_QUOTED_INCLUDE_IN_FRAMEWORK_HEADER = YES;
				CLANG_WARN_RANGE_LOOP_ANALYSIS = YES;
				CLANG_WARN_STRICT_PROTOTYPES = YES;
				CLANG_WARN_SUSPICIOUS_MOVE = YES;
				CLANG_WARN_UNGUARDED_AVAILABILITY = YES_AGGRESSIVE;
				CLANG_WARN_UNREACHABLE_CODE = YES;
				CLANG_WARN__DUPLICATE_METHOD_MATCH = YES;
				COPY_PHASE_STRIP = NO;
				DEBUG_INFORMATION_FORMAT = dwarf;
				ENABLE_STRICT_OBJC_MSGSEND = YES;
				ENABLE_TESTABILITY = YES;
				GCC_C_LANGUAGE_STANDARD = gnu11;
				GCC_DYNAMIC_NO_PIC = NO;
				GCC_NO_COMMON_BLOCKS = YES;
				GCC_OPTIMIZATION_LEVEL = 0;
				GCC_PREPROCESSOR_DEFINITIONS = (
					"DEBUG=1",
					"$(inherited)",
				);
				GCC_WARN_64_TO_32_BIT_CONVERSION = YES;
				GCC_WARN_ABOUT_RETURN_TYPE = YES_ERROR;
				GCC_WARN_UNDECLARED_SELECTOR = YES;
				GCC_WARN_UNINITIALIZED_AUTOS = YES_AGGRESSIVE;
				GCC_WARN_UNUSED_FUNCTION = YES;
				GCC_WARN_UNUSED_VARIABLE = YES;
				IPHONEOS_DEPLOYMENT_TARGET = 15.4;
				MTL_ENABLE_DEBUG_INFO = INCLUDE_SOURCE;
				MTL_FAST_MATH = YES;
				ONLY_ACTIVE_ARCH = YES;
				SDKROOT = iphoneos;
				SWIFT_ACTIVE_COMPILATION_CONDITIONS = DEBUG;
				SWIFT_OPTIMIZATION_LEVEL = "-Onone";
			};
			name = Debug;
		};
		A5F820442804246600BC249C /* Release */ = {
			isa = XCBuildConfiguration;
			buildSettings = {
				ALWAYS_SEARCH_USER_PATHS = NO;
				CLANG_ANALYZER_NONNULL = YES;
				CLANG_ANALYZER_NUMBER_OBJECT_CONVERSION = YES_AGGRESSIVE;
				CLANG_CXX_LANGUAGE_STANDARD = "gnu++17";
				CLANG_ENABLE_MODULES = YES;
				CLANG_ENABLE_OBJC_ARC = YES;
				CLANG_ENABLE_OBJC_WEAK = YES;
				CLANG_WARN_BLOCK_CAPTURE_AUTORELEASING = YES;
				CLANG_WARN_BOOL_CONVERSION = YES;
				CLANG_WARN_COMMA = YES;
				CLANG_WARN_CONSTANT_CONVERSION = YES;
				CLANG_WARN_DEPRECATED_OBJC_IMPLEMENTATIONS = YES;
				CLANG_WARN_DIRECT_OBJC_ISA_USAGE = YES_ERROR;
				CLANG_WARN_DOCUMENTATION_COMMENTS = YES;
				CLANG_WARN_EMPTY_BODY = YES;
				CLANG_WARN_ENUM_CONVERSION = YES;
				CLANG_WARN_INFINITE_RECURSION = YES;
				CLANG_WARN_INT_CONVERSION = YES;
				CLANG_WARN_NON_LITERAL_NULL_CONVERSION = YES;
				CLANG_WARN_OBJC_IMPLICIT_RETAIN_SELF = YES;
				CLANG_WARN_OBJC_LITERAL_CONVERSION = YES;
				CLANG_WARN_OBJC_ROOT_CLASS = YES_ERROR;
				CLANG_WARN_QUOTED_INCLUDE_IN_FRAMEWORK_HEADER = YES;
				CLANG_WARN_RANGE_LOOP_ANALYSIS = YES;
				CLANG_WARN_STRICT_PROTOTYPES = YES;
				CLANG_WARN_SUSPICIOUS_MOVE = YES;
				CLANG_WARN_UNGUARDED_AVAILABILITY = YES_AGGRESSIVE;
				CLANG_WARN_UNREACHABLE_CODE = YES;
				CLANG_WARN__DUPLICATE_METHOD_MATCH = YES;
				COPY_PHASE_STRIP = NO;
				DEBUG_INFORMATION_FORMAT = "dwarf-with-dsym";
				ENABLE_NS_ASSERTIONS = NO;
				ENABLE_STRICT_OBJC_MSGSEND = YES;
				GCC_C_LANGUAGE_STANDARD = gnu11;
				GCC_NO_COMMON_BLOCKS = YES;
				GCC_WARN_64_TO_32_BIT_CONVERSION = YES;
				GCC_WARN_ABOUT_RETURN_TYPE = YES_ERROR;
				GCC_WARN_UNDECLARED_SELECTOR = YES;
				GCC_WARN_UNINITIALIZED_AUTOS = YES_AGGRESSIVE;
				GCC_WARN_UNUSED_FUNCTION = YES;
				GCC_WARN_UNUSED_VARIABLE = YES;
				IPHONEOS_DEPLOYMENT_TARGET = 15.4;
				MTL_ENABLE_DEBUG_INFO = NO;
				MTL_FAST_MATH = YES;
				SDKROOT = iphoneos;
				SWIFT_COMPILATION_MODE = wholemodule;
				SWIFT_OPTIMIZATION_LEVEL = "-O";
				VALIDATE_PRODUCT = YES;
			};
			name = Release;
		};
		A5F820462804246600BC249C /* Debug */ = {
			isa = XCBuildConfiguration;
			buildSettings = {
				ASSETCATALOG_COMPILER_APPICON_NAME = AppIcon;
				ASSETCATALOG_COMPILER_GLOBAL_ACCENT_COLOR_NAME = AccentColor;
				CODE_SIGN_STYLE = Automatic;
				CURRENT_PROJECT_VERSION = 1;
				DEVELOPMENT_TEAM = 547FDNLPUV;
				GENERATE_INFOPLIST_FILE = YES;
				INFOPLIST_FILE = "IOS-SpringBoot-MyNoticeBoard_App/Info.plist";
				INFOPLIST_KEY_UIApplicationSupportsIndirectInputEvents = YES;
				INFOPLIST_KEY_UILaunchStoryboardName = LaunchScreen;
				INFOPLIST_KEY_UISupportedInterfaceOrientations_iPad = "UIInterfaceOrientationPortrait UIInterfaceOrientationPortraitUpsideDown UIInterfaceOrientationLandscapeLeft UIInterfaceOrientationLandscapeRight";
				INFOPLIST_KEY_UISupportedInterfaceOrientations_iPhone = "UIInterfaceOrientationPortrait UIInterfaceOrientationLandscapeLeft UIInterfaceOrientationLandscapeRight";
				LD_RUNPATH_SEARCH_PATHS = (
					"$(inherited)",
					"@executable_path/Frameworks",
				);
				MARKETING_VERSION = 1.0;
				PRODUCT_BUNDLE_IDENTIFIER = "yang.IOS-SpringBoot-MyNoticeBoard-App";
				PRODUCT_NAME = "$(TARGET_NAME)";
				SWIFT_EMIT_LOC_STRINGS = YES;
				SWIFT_VERSION = 5.0;
				TARGETED_DEVICE_FAMILY = "1,2";
			};
			name = Debug;
		};
		A5F820472804246600BC249C /* Release */ = {
			isa = XCBuildConfiguration;
			buildSettings = {
				ASSETCATALOG_COMPILER_APPICON_NAME = AppIcon;
				ASSETCATALOG_COMPILER_GLOBAL_ACCENT_COLOR_NAME = AccentColor;
				CODE_SIGN_STYLE = Automatic;
				CURRENT_PROJECT_VERSION = 1;
				DEVELOPMENT_TEAM = 547FDNLPUV;
				GENERATE_INFOPLIST_FILE = YES;
				INFOPLIST_FILE = "IOS-SpringBoot-MyNoticeBoard_App/Info.plist";
				INFOPLIST_KEY_UIApplicationSupportsIndirectInputEvents = YES;
				INFOPLIST_KEY_UILaunchStoryboardName = LaunchScreen;
				INFOPLIST_KEY_UISupportedInterfaceOrientations_iPad = "UIInterfaceOrientationPortrait UIInterfaceOrientationPortraitUpsideDown UIInterfaceOrientationLandscapeLeft UIInterfaceOrientationLandscapeRight";
				INFOPLIST_KEY_UISupportedInterfaceOrientations_iPhone = "UIInterfaceOrientationPortrait UIInterfaceOrientationLandscapeLeft UIInterfaceOrientationLandscapeRight";
				LD_RUNPATH_SEARCH_PATHS = (
					"$(inherited)",
					"@executable_path/Frameworks",
				);
				MARKETING_VERSION = 1.0;
				PRODUCT_BUNDLE_IDENTIFIER = "yang.IOS-SpringBoot-MyNoticeBoard-App";
				PRODUCT_NAME = "$(TARGET_NAME)";
				SWIFT_EMIT_LOC_STRINGS = YES;
				SWIFT_VERSION = 5.0;
				TARGETED_DEVICE_FAMILY = "1,2";
			};
			name = Release;
		};
/* End XCBuildConfiguration section */

/* Begin XCConfigurationList section */
		A5F8202C2804246300BC249C /* Build configuration list for PBXProject "IOS-SpringBoot-MyNoticeBoard_App" */ = {
			isa = XCConfigurationList;
			buildConfigurations = (
				A5F820432804246600BC249C /* Debug */,
				A5F820442804246600BC249C /* Release */,
			);
			defaultConfigurationIsVisible = 0;
			defaultConfigurationName = Release;
		};
		A5F820452804246600BC249C /* Build configuration list for PBXNativeTarget "IOS-SpringBoot-MyNoticeBoard_App" */ = {
			isa = XCConfigurationList;
			buildConfigurations = (
				A5F820462804246600BC249C /* Debug */,
				A5F820472804246600BC249C /* Release */,
			);
			defaultConfigurationIsVisible = 0;
			defaultConfigurationName = Release;
		};
/* End XCConfigurationList section */

/* Begin XCRemoteSwiftPackageReference section */
		A559827A28097F240018EB9E /* XCRemoteSwiftPackageReference "Kingfisher" */ = {
			isa = XCRemoteSwiftPackageReference;
			repositoryURL = "https://github.com/onevcat/Kingfisher.git";
			requirement = {
				kind = upToNextMajorVersion;
				minimumVersion = 7.0.0;
			};
		};
		A56B03C92806B1E80072A9E6 /* XCRemoteSwiftPackageReference "SnapKit" */ = {
			isa = XCRemoteSwiftPackageReference;
			repositoryURL = "https://github.com/SnapKit/SnapKit.git";
			requirement = {
				kind = upToNextMajorVersion;
				minimumVersion = 5.0.0;
			};
		};
/* End XCRemoteSwiftPackageReference section */

/* Begin XCSwiftPackageProductDependency section */
		A559827B28097F240018EB9E /* Kingfisher */ = {
			isa = XCSwiftPackageProductDependency;
			package = A559827A28097F240018EB9E /* XCRemoteSwiftPackageReference "Kingfisher" */;
			productName = Kingfisher;
		};
		A56B03CA2806B1E80072A9E6 /* SnapKit */ = {
			isa = XCSwiftPackageProductDependency;
			package = A56B03C92806B1E80072A9E6 /* XCRemoteSwiftPackageReference "SnapKit" */;
			productName = SnapKit;
		};
/* End XCSwiftPackageProductDependency section */
	};
	rootObject = A5F820292804246300BC249C /* Project object */;
}
